// !$*UTF8*$!
{
	archiveVersion = 1;
	classes = {
	};
	objectVersion = 46;
	objects = {

/* Begin PBXBuildFile section */
		79000ECDF9F0EF458480163B /* libPods.a in Frameworks */ = {isa = PBXBuildFile; fileRef = 86F6DBF39E33E5F17C8C6BF3 /* libPods.a */; };
		B28F45B31BF63B5B00A80F8B /* JGProgressHUD+LC.m in Sources */ = {isa = PBXBuildFile; fileRef = B28F45B21BF63B5B00A80F8B /* JGProgressHUD+LC.m */; };
		B28F45B51BF63BF200A80F8B /* MachineVC.m in Sources */ = {isa = PBXBuildFile; fileRef = B28F45B41BF63BF200A80F8B /* MachineVC.m */; };
		B28F45BB1BF641A200A80F8B /* CLProgressHUD+LC.m in Sources */ = {isa = PBXBuildFile; fileRef = B28F45B81BF641A200A80F8B /* CLProgressHUD+LC.m */; };
		B28F45BC1BF641A200A80F8B /* CLProgressHUD.m in Sources */ = {isa = PBXBuildFile; fileRef = B28F45BA1BF641A200A80F8B /* CLProgressHUD.m */; };
		B28F45BF1BF64E3E00A80F8B /* MachineModel.m in Sources */ = {isa = PBXBuildFile; fileRef = B28F45BE1BF64E3E00A80F8B /* MachineModel.m */; };
		B32050AB1BF5EC250041C1C8 /* main.m in Sources */ = {isa = PBXBuildFile; fileRef = B32050AA1BF5EC250041C1C8 /* main.m */; };
		B32050B41BF5EC250041C1C8 /* Main.storyboard in Resources */ = {isa = PBXBuildFile; fileRef = B32050B21BF5EC250041C1C8 /* Main.storyboard */; };
		B32050B61BF5EC250041C1C8 /* Assets.xcassets in Resources */ = {isa = PBXBuildFile; fileRef = B32050B51BF5EC250041C1C8 /* Assets.xcassets */; };
		B32050B91BF5EC250041C1C8 /* LaunchScreen.storyboard in Resources */ = {isa = PBXBuildFile; fileRef = B32050B71BF5EC250041C1C8 /* LaunchScreen.storyboard */; };
		B32050D81BF5EC640041C1C8 /* AppDelegate.m in Sources */ = {isa = PBXBuildFile; fileRef = B32050D71BF5EC640041C1C8 /* AppDelegate.m */; };
		B32050DC1BF5F06F0041C1C8 /* Login.storyboard in Resources */ = {isa = PBXBuildFile; fileRef = B32050DB1BF5F06F0041C1C8 /* Login.storyboard */; };
		B32050DF1BF5F10F0041C1C8 /* LoginVC.m in Sources */ = {isa = PBXBuildFile; fileRef = B32050DE1BF5F10F0041C1C8 /* LoginVC.m */; };
		B32050E31BF5F39C0041C1C8 /* LCTool.m in Sources */ = {isa = PBXBuildFile; fileRef = B32050E21BF5F39C0041C1C8 /* LCTool.m */; };
		B32050E61BF5F65E0041C1C8 /* GlobalData.m in Sources */ = {isa = PBXBuildFile; fileRef = B32050E51BF5F65E0041C1C8 /* GlobalData.m */; };
		B32050E91BF5F7530041C1C8 /* MachinesVC.m in Sources */ = {isa = PBXBuildFile; fileRef = B32050E81BF5F7530041C1C8 /* MachinesVC.m */; };
/* End PBXBuildFile section */

/* Begin PBXFileReference section */
		2769D47D26155BF93F03BB6D /* Pods.debug.xcconfig */ = {isa = PBXFileReference; includeInIndex = 1; lastKnownFileType = text.xcconfig; name = Pods.debug.xcconfig; path = "Pods/Target Support Files/Pods/Pods.debug.xcconfig"; sourceTree = "<group>"; };
		55AF8CF8AEDA666016013AD1 /* Pods.release.xcconfig */ = {isa = PBXFileReference; includeInIndex = 1; lastKnownFileType = text.xcconfig; name = Pods.release.xcconfig; path = "Pods/Target Support Files/Pods/Pods.release.xcconfig"; sourceTree = "<group>"; };
		86F6DBF39E33E5F17C8C6BF3 /* libPods.a */ = {isa = PBXFileReference; explicitFileType = archive.ar; includeInIndex = 0; path = libPods.a; sourceTree = BUILT_PRODUCTS_DIR; };
		B28F45B11BF63B5B00A80F8B /* JGProgressHUD+LC.h */ = {isa = PBXFileReference; fileEncoding = 4; lastKnownFileType = sourcecode.c.h; path = "JGProgressHUD+LC.h"; sourceTree = "<group>"; };
		B28F45B21BF63B5B00A80F8B /* JGProgressHUD+LC.m */ = {isa = PBXFileReference; fileEncoding = 4; lastKnownFileType = sourcecode.c.objc; path = "JGProgressHUD+LC.m"; sourceTree = "<group>"; };
		B28F45B41BF63BF200A80F8B /* MachineVC.m */ = {isa = PBXFileReference; fileEncoding = 4; lastKnownFileType = sourcecode.c.objc; path = MachineVC.m; sourceTree = "<group>"; };
		B28F45B71BF641A200A80F8B /* CLProgressHUD+LC.h */ = {isa = PBXFileReference; fileEncoding = 4; lastKnownFileType = sourcecode.c.h; path = "CLProgressHUD+LC.h"; sourceTree = "<group>"; };
		B28F45B81BF641A200A80F8B /* CLProgressHUD+LC.m */ = {isa = PBXFileReference; fileEncoding = 4; lastKnownFileType = sourcecode.c.objc; path = "CLProgressHUD+LC.m"; sourceTree = "<group>"; };
		B28F45B91BF641A200A80F8B /* CLProgressHUD.h */ = {isa = PBXFileReference; fileEncoding = 4; lastKnownFileType = sourcecode.c.h; path = CLProgressHUD.h; sourceTree = "<group>"; };
		B28F45BA1BF641A200A80F8B /* CLProgressHUD.m */ = {isa = PBXFileReference; fileEncoding = 4; lastKnownFileType = sourcecode.c.objc; path = CLProgressHUD.m; sourceTree = "<group>"; };
		B28F45BD1BF64E3E00A80F8B /* MachineModel.h */ = {isa = PBXFileReference; fileEncoding = 4; lastKnownFileType = sourcecode.c.h; path = MachineModel.h; sourceTree = "<group>"; };
		B28F45BE1BF64E3E00A80F8B /* MachineModel.m */ = {isa = PBXFileReference; fileEncoding = 4; lastKnownFileType = sourcecode.c.objc; path = MachineModel.m; sourceTree = "<group>"; };
		B32050A61BF5EC250041C1C8 /* LMMachine.app */ = {isa = PBXFileReference; explicitFileType = wrapper.application; includeInIndex = 0; path = LMMachine.app; sourceTree = BUILT_PRODUCTS_DIR; };
		B32050AA1BF5EC250041C1C8 /* main.m */ = {isa = PBXFileReference; lastKnownFileType = sourcecode.c.objc; path = main.m; sourceTree = "<group>"; };
		B32050B31BF5EC250041C1C8 /* Base */ = {isa = PBXFileReference; lastKnownFileType = file.storyboard; name = Base; path = Base.lproj/Main.storyboard; sourceTree = "<group>"; };
		B32050B51BF5EC250041C1C8 /* Assets.xcassets */ = {isa = PBXFileReference; lastKnownFileType = folder.assetcatalog; path = Assets.xcassets; sourceTree = "<group>"; };
		B32050B81BF5EC250041C1C8 /* Base */ = {isa = PBXFileReference; lastKnownFileType = file.storyboard; name = Base; path = Base.lproj/LaunchScreen.storyboard; sourceTree = "<group>"; };
		B32050BA1BF5EC250041C1C8 /* Info.plist */ = {isa = PBXFileReference; lastKnownFileType = text.plist.xml; path = Info.plist; sourceTree = "<group>"; };
		B32050D61BF5EC640041C1C8 /* AppDelegate.h */ = {isa = PBXFileReference; fileEncoding = 4; lastKnownFileType = sourcecode.c.h; path = AppDelegate.h; sourceTree = "<group>"; };
		B32050D71BF5EC640041C1C8 /* AppDelegate.m */ = {isa = PBXFileReference; fileEncoding = 4; lastKnownFileType = sourcecode.c.objc; path = AppDelegate.m; sourceTree = "<group>"; };
		B32050D91BF5EE430041C1C8 /* PrefixHeader.pch */ = {isa = PBXFileReference; lastKnownFileType = sourcecode.c.h; path = PrefixHeader.pch; sourceTree = "<group>"; };
		B32050DA1BF5EF6E0041C1C8 /* CONST.h */ = {isa = PBXFileReference; lastKnownFileType = sourcecode.c.h; path = CONST.h; sourceTree = "<group>"; };
		B32050DB1BF5F06F0041C1C8 /* Login.storyboard */ = {isa = PBXFileReference; fileEncoding = 4; lastKnownFileType = file.storyboard; path = Login.storyboard; sourceTree = "<group>"; };
		B32050DD1BF5F10F0041C1C8 /* LoginVC.h */ = {isa = PBXFileReference; fileEncoding = 4; lastKnownFileType = sourcecode.c.h; path = LoginVC.h; sourceTree = "<group>"; };
		B32050DE1BF5F10F0041C1C8 /* LoginVC.m */ = {isa = PBXFileReference; fileEncoding = 4; lastKnownFileType = sourcecode.c.objc; path = LoginVC.m; sourceTree = "<group>"; };
		B32050E11BF5F39C0041C1C8 /* LCTool.h */ = {isa = PBXFileReference; fileEncoding = 4; lastKnownFileType = sourcecode.c.h; path = LCTool.h; sourceTree = "<group>"; };
		B32050E21BF5F39C0041C1C8 /* LCTool.m */ = {isa = PBXFileReference; fileEncoding = 4; lastKnownFileType = sourcecode.c.objc; path = LCTool.m; sourceTree = "<group>"; };
		B32050E41BF5F65E0041C1C8 /* GlobalData.h */ = {isa = PBXFileReference; fileEncoding = 4; lastKnownFileType = sourcecode.c.h; path = GlobalData.h; sourceTree = "<group>"; };
		B32050E51BF5F65E0041C1C8 /* GlobalData.m */ = {isa = PBXFileReference; fileEncoding = 4; lastKnownFileType = sourcecode.c.objc; path = GlobalData.m; sourceTree = "<group>"; };
		B32050E71BF5F7530041C1C8 /* MachinesVC.h */ = {isa = PBXFileReference; fileEncoding = 4; lastKnownFileType = sourcecode.c.h; path = MachinesVC.h; sourceTree = "<group>"; };
		B32050E81BF5F7530041C1C8 /* MachinesVC.m */ = {isa = PBXFileReference; fileEncoding = 4; lastKnownFileType = sourcecode.c.objc; path = MachinesVC.m; sourceTree = "<group>"; };
		B32050EA1BF5F8F60041C1C8 /* MachineVC.h */ = {isa = PBXFileReference; fileEncoding = 4; lastKnownFileType = sourcecode.c.h; path = MachineVC.h; sourceTree = "<group>"; };
/* End PBXFileReference section */

/* Begin PBXFrameworksBuildPhase section */
		B32050A31BF5EC250041C1C8 /* Frameworks */ = {
			isa = PBXFrameworksBuildPhase;
			buildActionMask = 2147483647;
			files = (
				79000ECDF9F0EF458480163B /* libPods.a in Frameworks */,
			);
			runOnlyForDeploymentPostprocessing = 0;
		};
/* End PBXFrameworksBuildPhase section */

/* Begin PBXGroup section */
		2B2CA7FE89EC0A824F9368B9 /* Pods */ = {
			isa = PBXGroup;
			children = (
				2769D47D26155BF93F03BB6D /* Pods.debug.xcconfig */,
				55AF8CF8AEDA666016013AD1 /* Pods.release.xcconfig */,
			);
			name = Pods;
			sourceTree = "<group>";
		};
		48541013B9CB731EB9D190B7 /* Frameworks */ = {
			isa = PBXGroup;
			children = (
				86F6DBF39E33E5F17C8C6BF3 /* libPods.a */,
			);
			name = Frameworks;
			sourceTree = "<group>";
		};
		B28F45B01BF63B3500A80F8B /* JGProgressHUD+LC */ = {
			isa = PBXGroup;
			children = (
				B28F45B11BF63B5B00A80F8B /* JGProgressHUD+LC.h */,
				B28F45B21BF63B5B00A80F8B /* JGProgressHUD+LC.m */,
			);
			path = "JGProgressHUD+LC";
			sourceTree = "<group>";
		};
		B28F45B61BF641A200A80F8B /* CLProgressHUD */ = {
			isa = PBXGroup;
			children = (
				B28F45B71BF641A200A80F8B /* CLProgressHUD+LC.h */,
				B28F45B81BF641A200A80F8B /* CLProgressHUD+LC.m */,
				B28F45B91BF641A200A80F8B /* CLProgressHUD.h */,
				B28F45BA1BF641A200A80F8B /* CLProgressHUD.m */,
			);
			path = CLProgressHUD;
			sourceTree = "<group>";
		};
		B320509D1BF5EC250041C1C8 = {
			isa = PBXGroup;
			children = (
				B32050A81BF5EC250041C1C8 /* LMMachine */,
				B32050A71BF5EC250041C1C8 /* Products */,
				2B2CA7FE89EC0A824F9368B9 /* Pods */,
				48541013B9CB731EB9D190B7 /* Frameworks */,
			);
			sourceTree = "<group>";
		};
		B32050A71BF5EC250041C1C8 /* Products */ = {
			isa = PBXGroup;
			children = (
				B32050A61BF5EC250041C1C8 /* LMMachine.app */,
			);
			name = Products;
			sourceTree = "<group>";
		};
		B32050A81BF5EC250041C1C8 /* LMMachine */ = {
			isa = PBXGroup;
			children = (
				B32050CB1BF5EC640041C1C8 /* Classes */,
				B32050A91BF5EC250041C1C8 /* Supporting Files */,
			);
			path = LMMachine;
			sourceTree = "<group>";
		};
		B32050A91BF5EC250041C1C8 /* Supporting Files */ = {
			isa = PBXGroup;
			children = (
				B32050B51BF5EC250041C1C8 /* Assets.xcassets */,
				B32050BA1BF5EC250041C1C8 /* Info.plist */,
				B32050AA1BF5EC250041C1C8 /* main.m */,
				B32050B71BF5EC250041C1C8 /* LaunchScreen.storyboard */,
			);
			name = "Supporting Files";
			sourceTree = "<group>";
		};
		B32050CB1BF5EC640041C1C8 /* Classes */ = {
			isa = PBXGroup;
			children = (
				B32050E01BF5F3800041C1C8 /* Utils */,
				B32050CC1BF5EC640041C1C8 /* Lib */,
				B32050CD1BF5EC640041C1C8 /* Login */,
				B32050D11BF5EC640041C1C8 /* Main */,
				B32050D51BF5EC640041C1C8 /* Other */,
			);
			path = Classes;
			sourceTree = "<group>";
		};
		B32050CC1BF5EC640041C1C8 /* Lib */ = {
			isa = PBXGroup;
			children = (
				B28F45B61BF641A200A80F8B /* CLProgressHUD */,
				B28F45B01BF63B3500A80F8B /* JGProgressHUD+LC */,
			);
			path = Lib;
			sourceTree = "<group>";
		};
		B32050CD1BF5EC640041C1C8 /* Login */ = {
			isa = PBXGroup;
			children = (
				B32050DB1BF5F06F0041C1C8 /* Login.storyboard */,
				B32050CE1BF5EC640041C1C8 /* Controller */,
				B32050CF1BF5EC640041C1C8 /* Model */,
				B32050D01BF5EC640041C1C8 /* View */,
			);
			path = Login;
			sourceTree = "<group>";
		};
		B32050CE1BF5EC640041C1C8 /* Controller */ = {
			isa = PBXGroup;
			children = (
				B32050DD1BF5F10F0041C1C8 /* LoginVC.h */,
				B32050DE1BF5F10F0041C1C8 /* LoginVC.m */,
			);
			path = Controller;
			sourceTree = "<group>";
		};
		B32050CF1BF5EC640041C1C8 /* Model */ = {
			isa = PBXGroup;
			children = (
			);
			path = Model;
			sourceTree = "<group>";
		};
		B32050D01BF5EC640041C1C8 /* View */ = {
			isa = PBXGroup;
			children = (
			);
			path = View;
			sourceTree = "<group>";
		};
		B32050D11BF5EC640041C1C8 /* Main */ = {
			isa = PBXGroup;
			children = (
				B32050B21BF5EC250041C1C8 /* Main.storyboard */,
				B32050D21BF5EC640041C1C8 /* Controller */,
				B32050D31BF5EC640041C1C8 /* Model */,
				B32050D41BF5EC640041C1C8 /* View */,
			);
			path = Main;
			sourceTree = "<group>";
		};
		B32050D21BF5EC640041C1C8 /* Controller */ = {
			isa = PBXGroup;
			children = (
				B32050E71BF5F7530041C1C8 /* MachinesVC.h */,
				B32050E81BF5F7530041C1C8 /* MachinesVC.m */,
				B32050EA1BF5F8F60041C1C8 /* MachineVC.h */,
				B28F45B41BF63BF200A80F8B /* MachineVC.m */,
			);
			path = Controller;
			sourceTree = "<group>";
		};
		B32050D31BF5EC640041C1C8 /* Model */ = {
			isa = PBXGroup;
			children = (
				B28F45BD1BF64E3E00A80F8B /* MachineModel.h */,
				B28F45BE1BF64E3E00A80F8B /* MachineModel.m */,
			);
			path = Model;
			sourceTree = "<group>";
		};
		B32050D41BF5EC640041C1C8 /* View */ = {
			isa = PBXGroup;
			children = (
			);
			path = View;
			sourceTree = "<group>";
		};
		B32050D51BF5EC640041C1C8 /* Other */ = {
			isa = PBXGroup;
			children = (
				B32050D61BF5EC640041C1C8 /* AppDelegate.h */,
				B32050D71BF5EC640041C1C8 /* AppDelegate.m */,
				B32050D91BF5EE430041C1C8 /* PrefixHeader.pch */,
				B32050DA1BF5EF6E0041C1C8 /* CONST.h */,
			);
			path = Other;
			sourceTree = "<group>";
		};
		B32050E01BF5F3800041C1C8 /* Utils */ = {
			isa = PBXGroup;
			children = (
				B32050E11BF5F39C0041C1C8 /* LCTool.h */,
				B32050E21BF5F39C0041C1C8 /* LCTool.m */,
				B32050E41BF5F65E0041C1C8 /* GlobalData.h */,
				B32050E51BF5F65E0041C1C8 /* GlobalData.m */,
			);
			path = Utils;
			sourceTree = "<group>";
		};
/* End PBXGroup section */

/* Begin PBXNativeTarget section */
		B32050A51BF5EC250041C1C8 /* LMMachine */ = {
			isa = PBXNativeTarget;
			buildConfigurationList = B32050BD1BF5EC250041C1C8 /* Build configuration list for PBXNativeTarget "LMMachine" */;
			buildPhases = (
				F954D8222B14F8640520C754 /* Check Pods Manifest.lock */,
				B32050A21BF5EC250041C1C8 /* Sources */,
				B32050A31BF5EC250041C1C8 /* Frameworks */,
				B32050A41BF5EC250041C1C8 /* Resources */,
				4AD1B9F744E955AE078ED724 /* Embed Pods Frameworks */,
				585BA2CD12C09CAA41214D8B /* Copy Pods Resources */,
			);
			buildRules = (
			);
			dependencies = (
			);
			name = LMMachine;
			productName = LMMachine;
			productReference = B32050A61BF5EC250041C1C8 /* LMMachine.app */;
			productType = "com.apple.product-type.application";
		};
/* End PBXNativeTarget section */

/* Begin PBXProject section */
		B320509E1BF5EC250041C1C8 /* Project object */ = {
			isa = PBXProject;
			attributes = {
				LastUpgradeCheck = 0710;
				ORGANIZATIONNAME = Leo;
				TargetAttributes = {
					B32050A51BF5EC250041C1C8 = {
						CreatedOnToolsVersion = 7.1.1;
						DevelopmentTeam = 4BZ2VM448J;
					};
				};
			};
			buildConfigurationList = B32050A11BF5EC250041C1C8 /* Build configuration list for PBXProject "LMMachine" */;
			compatibilityVersion = "Xcode 3.2";
			developmentRegion = English;
			hasScannedForEncodings = 0;
			knownRegions = (
				en,
				Base,
			);
			mainGroup = B320509D1BF5EC250041C1C8;
			productRefGroup = B32050A71BF5EC250041C1C8 /* Products */;
			projectDirPath = "";
			projectRoot = "";
			targets = (
				B32050A51BF5EC250041C1C8 /* LMMachine */,
			);
		};
/* End PBXProject section */

/* Begin PBXResourcesBuildPhase section */
		B32050A41BF5EC250041C1C8 /* Resources */ = {
			isa = PBXResourcesBuildPhase;
			buildActionMask = 2147483647;
			files = (
				B32050DC1BF5F06F0041C1C8 /* Login.storyboard in Resources */,
				B32050B91BF5EC250041C1C8 /* LaunchScreen.storyboard in Resources */,
				B32050B61BF5EC250041C1C8 /* Assets.xcassets in Resources */,
				B32050B41BF5EC250041C1C8 /* Main.storyboard in Resources */,
			);
			runOnlyForDeploymentPostprocessing = 0;
		};
/* End PBXResourcesBuildPhase section */

/* Begin PBXShellScriptBuildPhase section */
		4AD1B9F744E955AE078ED724 /* Embed Pods Frameworks */ = {
			isa = PBXShellScriptBuildPhase;
			buildActionMask = 2147483647;
			files = (
			);
			inputPaths = (
			);
			name = "Embed Pods Frameworks";
			outputPaths = (
			);
			runOnlyForDeploymentPostprocessing = 0;
			shellPath = /bin/sh;
			shellScript = "\"${SRCROOT}/Pods/Target Support Files/Pods/Pods-frameworks.sh\"\n";
			showEnvVarsInLog = 0;
		};
		585BA2CD12C09CAA41214D8B /* Copy Pods Resources */ = {
			isa = PBXShellScriptBuildPhase;
			buildActionMask = 2147483647;
			files = (
			);
			inputPaths = (
			);
			name = "Copy Pods Resources";
			outputPaths = (
			);
			runOnlyForDeploymentPostprocessing = 0;
			shellPath = /bin/sh;
			shellScript = "\"${SRCROOT}/Pods/Target Support Files/Pods/Pods-resources.sh\"\n";
			showEnvVarsInLog = 0;
		};
		F954D8222B14F8640520C754 /* Check Pods Manifest.lock */ = {
			isa = PBXShellScriptBuildPhase;
			buildActionMask = 2147483647;
			files = (
			);
			inputPaths = (
			);
			name = "Check Pods Manifest.lock";
			outputPaths = (
			);
			runOnlyForDeploymentPostprocessing = 0;
			shellPath = /bin/sh;
			shellScript = "diff \"${PODS_ROOT}/../Podfile.lock\" \"${PODS_ROOT}/Manifest.lock\" > /dev/null\nif [[ $? != 0 ]] ; then\n    cat << EOM\nerror: The sandbox is not in sync with the Podfile.lock. Run 'pod install' or update your CocoaPods installation.\nEOM\n    exit 1\nfi\n";
			showEnvVarsInLog = 0;
		};
/* End PBXShellScriptBuildPhase section */

/* Begin PBXSourcesBuildPhase section */
		B32050A21BF5EC250041C1C8 /* Sources */ = {
			isa = PBXSourcesBuildPhase;
			buildActionMask = 2147483647;
			files = (
				B32050E31BF5F39C0041C1C8 /* LCTool.m in Sources */,
				B28F45BC1BF641A200A80F8B /* CLProgressHUD.m in Sources */,
				B28F45BB1BF641A200A80F8B /* CLProgressHUD+LC.m in Sources */,
				B32050D81BF5EC640041C1C8 /* AppDelegate.m in Sources */,
				B32050AB1BF5EC250041C1C8 /* main.m in Sources */,
				B32050E61BF5F65E0041C1C8 /* GlobalData.m in Sources */,
				B28F45B51BF63BF200A80F8B /* MachineVC.m in Sources */,
				B28F45BF1BF64E3E00A80F8B /* MachineModel.m in Sources */,
				B32050E91BF5F7530041C1C8 /* MachinesVC.m in Sources */,
				B28F45B31BF63B5B00A80F8B /* JGProgressHUD+LC.m in Sources */,
				B32050DF1BF5F10F0041C1C8 /* LoginVC.m in Sources */,
			);
			runOnlyForDeploymentPostprocessing = 0;
		};
/* End PBXSourcesBuildPhase section */

/* Begin PBXVariantGroup section */
		B32050B21BF5EC250041C1C8 /* Main.storyboard */ = {
			isa = PBXVariantGroup;
			children = (
				B32050B31BF5EC250041C1C8 /* Base */,
			);
			name = Main.storyboard;
			path = ../..;
			sourceTree = "<group>";
		};
		B32050B71BF5EC250041C1C8 /* LaunchScreen.storyboard */ = {
			isa = PBXVariantGroup;
			children = (
				B32050B81BF5EC250041C1C8 /* Base */,
			);
			name = LaunchScreen.storyboard;
			sourceTree = "<group>";
		};
/* End PBXVariantGroup section */

/* Begin XCBuildConfiguration section */
		B32050BB1BF5EC250041C1C8 /* Debug */ = {
			isa = XCBuildConfiguration;
			buildSettings = {
				ALWAYS_SEARCH_USER_PATHS = NO;
				CLANG_CXX_LANGUAGE_STANDARD = "gnu++0x";
				CLANG_CXX_LIBRARY = "libc++";
				CLANG_ENABLE_MODULES = YES;
				CLANG_ENABLE_OBJC_ARC = YES;
				CLANG_WARN_BOOL_CONVERSION = YES;
				CLANG_WARN_CONSTANT_CONVERSION = YES;
				CLANG_WARN_DIRECT_OBJC_ISA_USAGE = YES_ERROR;
				CLANG_WARN_EMPTY_BODY = YES;
				CLANG_WARN_ENUM_CONVERSION = YES;
				CLANG_WARN_INT_CONVERSION = YES;
				CLANG_WARN_OBJC_ROOT_CLASS = YES_ERROR;
				CLANG_WARN_UNREACHABLE_CODE = YES;
				CLANG_WARN__DUPLICATE_METHOD_MATCH = YES;
				"CODE_SIGN_IDENTITY[sdk=iphoneos*]" = "iPhone Developer";
				COPY_PHASE_STRIP = NO;
				DEBUG_INFORMATION_FORMAT = dwarf;
				ENABLE_STRICT_OBJC_MSGSEND = YES;
				ENABLE_TESTABILITY = YES;
				GCC_C_LANGUAGE_STANDARD = gnu99;
				GCC_DYNAMIC_NO_PIC = NO;
				GCC_NO_COMMON_BLOCKS = YES;
				GCC_OPTIMIZATION_LEVEL = 0;
				GCC_PREPROCESSOR_DEFINITIONS = (
					"DEBUG=1",
					"$(inherited)",
				);
				GCC_WARN_64_TO_32_BIT_CONVERSION = YES;
				GCC_WARN_ABOUT_RETURN_TYPE = YES_ERROR;
				GCC_WARN_UNDECLARED_SELECTOR = YES;
				GCC_WARN_UNINITIALIZED_AUTOS = YES_AGGRESSIVE;
				GCC_WARN_UNUSED_FUNCTION = YES;
				GCC_WARN_UNUSED_VARIABLE = YES;
				IPHONEOS_DEPLOYMENT_TARGET = 9.1;
				MTL_ENABLE_DEBUG_INFO = YES;
				ONLY_ACTIVE_ARCH = YES;
				SDKROOT = iphoneos;
				TARGETED_DEVICE_FAMILY = "1,2";
			};
			name = Debug;
		};
		B32050BC1BF5EC250041C1C8 /* Release */ = {
			isa = XCBuildConfiguration;
			buildSettings = {
				ALWAYS_SEARCH_USER_PATHS = NO;
				CLANG_CXX_LANGUAGE_STANDARD = "gnu++0x";
				CLANG_CXX_LIBRARY = "libc++";
				CLANG_ENABLE_MODULES = YES;
				CLANG_ENABLE_OBJC_ARC = YES;
				CLANG_WARN_BOOL_CONVERSION = YES;
				CLANG_WARN_CONSTANT_CONVERSION = YES;
				CLANG_WARN_DIRECT_OBJC_ISA_USAGE = YES_ERROR;
				CLANG_WARN_EMPTY_BODY = YES;
				CLANG_WARN_ENUM_CONVERSION = YES;
				CLANG_WARN_INT_CONVERSION = YES;
				CLANG_WARN_OBJC_ROOT_CLASS = YES_ERROR;
				CLANG_WARN_UNREACHABLE_CODE = YES;
				CLANG_WARN__DUPLICATE_METHOD_MATCH = YES;
				"CODE_SIGN_IDENTITY[sdk=iphoneos*]" = "iPhone Developer";
				COPY_PHASE_STRIP = NO;
				DEBUG_INFORMATION_FORMAT = "dwarf-with-dsym";
				ENABLE_NS_ASSERTIONS = NO;
				ENABLE_STRICT_OBJC_MSGSEND = YES;
				GCC_C_LANGUAGE_STANDARD = gnu99;
				GCC_NO_COMMON_BLOCKS = YES;
				GCC_WARN_64_TO_32_BIT_CONVERSION = YES;
				GCC_WARN_ABOUT_RETURN_TYPE = YES_ERROR;
				GCC_WARN_UNDECLARED_SELECTOR = YES;
				GCC_WARN_UNINITIALIZED_AUTOS = YES_AGGRESSIVE;
				GCC_WARN_UNUSED_FUNCTION = YES;
				GCC_WARN_UNUSED_VARIABLE = YES;
				IPHONEOS_DEPLOYMENT_TARGET = 9.1;
				MTL_ENABLE_DEBUG_INFO = NO;
				SDKROOT = iphoneos;
				TARGETED_DEVICE_FAMILY = "1,2";
				VALIDATE_PRODUCT = YES;
			};
			name = Release;
		};
		B32050BE1BF5EC250041C1C8 /* Debug */ = {
			isa = XCBuildConfiguration;
			baseConfigurationReference = 2769D47D26155BF93F03BB6D /* Pods.debug.xcconfig */;
			buildSettings = {
				ASSETCATALOG_COMPILER_APPICON_NAME = AppIcon;
				CODE_SIGN_IDENTITY = "iPhone Developer";
				"CODE_SIGN_IDENTITY[sdk=iphoneos*]" = "iPhone Developer";
				ENABLE_BITCODE = YES;
				GCC_PREFIX_HEADER = "$(PRODUCT_NAME)/Classes/Other/PrefixHeader.pch";
				INFOPLIST_FILE = LMMachine/Info.plist;
				IPHONEOS_DEPLOYMENT_TARGET = 7.0;
				LD_RUNPATH_SEARCH_PATHS = "$(inherited) @executable_path/Frameworks";
				PRODUCT_BUNDLE_IDENTIFIER = com.leodong.LMMachine;
				PRODUCT_NAME = "$(TARGET_NAME)";
				PROVISIONING_PROFILE = "";
			};
			name = Debug;
		};
		B32050BF1BF5EC250041C1C8 /* Release */ = {
			isa = XCBuildConfiguration;
			baseConfigurationReference = 55AF8CF8AEDA666016013AD1 /* Pods.release.xcconfig */;
			buildSettings = {
				ASSETCATALOG_COMPILER_APPICON_NAME = AppIcon;
				CODE_SIGN_IDENTITY = "iPhone Developer";
				"CODE_SIGN_IDENTITY[sdk=iphoneos*]" = "iPhone Developer";
				ENABLE_BITCODE = YES;
				GCC_PREFIX_HEADER = "$(PRODUCT_NAME)/Classes/Other/PrefixHeader.pch";
				INFOPLIST_FILE = LMMachine/Info.plist;
				IPHONEOS_DEPLOYMENT_TARGET = 7.0;
				LD_RUNPATH_SEARCH_PATHS = "$(inherited) @executable_path/Frameworks";
				PRODUCT_BUNDLE_IDENTIFIER = com.leodong.LMMachine;
				PRODUCT_NAME = "$(TARGET_NAME)";
				PROVISIONING_PROFILE = "";
			};
			name = Release;
		};
/* End XCBuildConfiguration section */

/* Begin XCConfigurationList section */
		B32050A11BF5EC250041C1C8 /* Build configuration list for PBXProject "LMMachine" */ = {
			isa = XCConfigurationList;
			buildConfigurations = (
				B32050BB1BF5EC250041C1C8 /* Debug */,
				B32050BC1BF5EC250041C1C8 /* Release */,
			);
			defaultConfigurationIsVisible = 0;
			defaultConfigurationName = Release;
		};
		B32050BD1BF5EC250041C1C8 /* Build configuration list for PBXNativeTarget "LMMachine" */ = {
			isa = XCConfigurationList;
			buildConfigurations = (
				B32050BE1BF5EC250041C1C8 /* Debug */,
				B32050BF1BF5EC250041C1C8 /* Release */,
			);
			defaultConfigurationIsVisible = 0;
			defaultConfigurationName = Release;
		};
/* End XCConfigurationList section */
	};
	rootObject = B320509E1BF5EC250041C1C8 /* Project object */;
}
